
Microsoft Visual Studio Solution File, Format Version 12.00
# Visual Studio Version 17
VisualStudioVersion = 17.0.31903.59
MinimumVisualStudioVersion = 10.0.40219.1
Project("{2150E333-8FDC-42A3-9474-1A3956D46DE8}") = "src", "src", "{827E0CD3-B72D-47B6-A68D-7590B98EB39B}"
EndProject
Project("{FAE04EC0-301F-11D3-BF4B-00C04F79EFBC}") = "Sayra.Server.Shared", "src\Sayra.Server.Shared\Sayra.Server.Shared.csproj", "{9EBD23AA-1AFE-451E-9F18-842662733DF0}"
EndProject
Project("{FAE04EC0-301F-11D3-BF4B-00C04F79EFBC}") = "Sayra.Server.Domain", "src\Sayra.Server.Domain\Sayra.Server.Domain.csproj", "{65E53461-E984-4F4C-B01E-42DBF053DF96}"
EndProject
Project("{FAE04EC0-301F-11D3-BF4B-00C04F79EFBC}") = "Sayra.Server.Application", "src\Sayra.Server.Application\Sayra.Server.Application.csproj", "{AEEFA547-1190-4475-A422-2CE9491FAA83}"
EndProject
Project("{FAE04EC0-301F-11D3-BF4B-00C04F79EFBC}") = "Sayra.Server.Infrastructure", "src\Sayra.Server.Infrastructure\Sayra.Server.Infrastructure.csproj", "{6B7446C1-A421-4491-B34E-486E7D1831B5}"
EndProject
Project("{FAE04EC0-301F-11D3-BF4B-00C04F79EFBC}") = "Sayra.Server.Network", "src\Sayra.Server.Network\Sayra.Server.Network.csproj", "{D03217FA-87C4-408B-85F1-48A3091BF124}"
EndProject
Project("{FAE04EC0-301F-11D3-BF4B-00C04F79EFBC}") = "Sayra.Server.Core", "src\Sayra.Server.Core\Sayra.Server.Core.csproj", "{AE106AEF-6AB8-4032-B3A4-21D5926FEB9A}"
EndProject
Project("{2150E333-8FDC-42A3-9474-1A3956D46DE8}") = "tests", "tests", "{0AB3BF05-4346-4AA6-1389-037BE0695223}"
EndProject
Project("{FAE04EC0-301F-11D3-BF4B-00C04F79EFBC}") = "Sayra.TestClient", "tests\Sayra.TestClient\Sayra.TestClient.csproj", "{6A48F3F8-2F8E-4B1C-8860-965C998D5FE0}"
EndProject
Global
	GlobalSection(SolutionConfigurationPlatforms) = preSolution
		Debug|Any CPU = Debug|Any CPU
		Debug|x64 = Debug|x64
		Debug|x86 = Debug|x86
		Release|Any CPU = Release|Any CPU
		Release|x64 = Release|x64
		Release|x86 = Release|x86
	EndGlobalSection
	GlobalSection(ProjectConfigurationPlatforms) = postSolution
		{9EBD23AA-1AFE-451E-9F18-842662733DF0}.Debug|Any CPU.ActiveCfg = Debug|Any CPU
		{9EBD23AA-1AFE-451E-9F18-842662733DF0}.Debug|Any CPU.Build.0 = Debug|Any CPU
		{9EBD23AA-1AFE-451E-9F18-842662733DF0}.Debug|x64.ActiveCfg = Debug|Any CPU
		{9EBD23AA-1AFE-451E-9F18-842662733DF0}.Debug|x64.Build.0 = Debug|Any CPU
		{9EBD23AA-1AFE-451E-9F18-842662733DF0}.Debug|x86.ActiveCfg = Debug|Any CPU
		{9EBD23AA-1AFE-451E-9F18-842662733DF0}.Debug|x86.Build.0 = Debug|Any CPU
		{9EBD23AA-1AFE-451E-9F18-842662733DF0}.Release|Any CPU.ActiveCfg = Release|Any CPU
		{9EBD23AA-1AFE-451E-9F18-842662733DF0}.Release|Any CPU.Build.0 = Release|Any CPU
		{9EBD23AA-1AFE-451E-9F18-842662733DF0}.Release|x64.ActiveCfg = Release|Any CPU
		{9EBD23AA-1AFE-451E-9F18-842662733DF0}.Release|x64.Build.0 = Release|Any CPU
		{9EBD23AA-1AFE-451E-9F18-842662733DF0}.Release|x86.ActiveCfg = Release|Any CPU
		{9EBD23AA-1AFE-451E-9F18-842662733DF0}.Release|x86.Build.0 = Release|Any CPU
		{65E53461-E984-4F4C-B01E-42DBF053DF96}.Debug|Any CPU.ActiveCfg = Debug|Any CPU
		{65E53461-E984-4F4C-B01E-42DBF053DF96}.Debug|Any CPU.Build.0 = Debug|Any CPU
		{65E53461-E984-4F4C-B01E-42DBF053DF96}.Debug|x64.ActiveCfg = Debug|Any CPU
		{65E53461-E984-4F4C-B01E-42DBF053DF96}.Debug|x64.Build.0 = Debug|Any CPU
		{65E53461-E984-4F4C-B01E-42DBF053DF96}.Debug|x86.ActiveCfg = Debug|Any CPU
		{65E53461-E984-4F4C-B01E-42DBF053DF96}.Debug|x86.Build.0 = Debug|Any CPU
		{65E53461-E984-4F4C-B01E-42DBF053DF96}.Release|Any CPU.ActiveCfg = Release|Any CPU
		{65E53461-E984-4F4C-B01E-42DBF053DF96}.Release|Any CPU.Build.0 = Release|Any CPU
		{65E53461-E984-4F4C-B01E-42DBF053DF96}.Release|x64.ActiveCfg = Release|Any CPU
		{65E53461-E984-4F4C-B01E-42DBF053DF96}.Release|x64.Build.0 = Release|Any CPU
		{65E53461-E984-4F4C-B01E-42DBF053DF96}.Release|x86.ActiveCfg = Release|Any CPU
		{65E53461-E984-4F4C-B01E-42DBF053DF96}.Release|x86.Build.0 = Release|Any CPU
		{AEEFA547-1190-4475-A422-2CE9491FAA83}.Debug|Any CPU.ActiveCfg = Debug|Any CPU
		{AEEFA547-1190-4475-A422-2CE9491FAA83}.Debug|Any CPU.Build.0 = Debug|Any CPU
		{AEEFA547-1190-4475-A422-2CE9491FAA83}.Debug|x64.ActiveCfg = Debug|Any CPU
		{AEEFA547-1190-4475-A422-2CE9491FAA83}.Debug|x64.Build.0 = Debug|Any CPU
		{AEEFA547-1190-4475-A422-2CE9491FAA83}.Debug|x86.ActiveCfg = Debug|Any CPU
		{AEEFA547-1190-4475-A422-2CE9491FAA83}.Debug|x86.Build.0 = Debug|Any CPU
		{AEEFA547-1190-4475-A422-2CE9491FAA83}.Release|Any CPU.ActiveCfg = Release|Any CPU
		{AEEFA547-1190-4475-A422-2CE9491FAA83}.Release|Any CPU.Build.0 = Release|Any CPU
		{AEEFA547-1190-4475-A422-2CE9491FAA83}.Release|x64.ActiveCfg = Release|Any CPU
		{AEEFA547-1190-4475-A422-2CE9491FAA83}.Release|x64.Build.0 = Release|Any CPU
		{AEEFA547-1190-4475-A422-2CE9491FAA83}.Release|x86.ActiveCfg = Release|Any CPU
		{AEEFA547-1190-4475-A422-2CE9491FAA83}.Release|x86.Build.0 = Release|Any CPU
		{6B7446C1-A421-4491-B34E-486E7D1831B5}.Debug|Any CPU.ActiveCfg = Debug|Any CPU
		{6B7446C1-A421-4491-B34E-486E7D1831B5}.Debug|Any CPU.Build.0 = Debug|Any CPU
		{6B7446C1-A421-4491-B34E-486E7D1831B5}.Debug|x64.ActiveCfg = Debug|Any CPU
		{6B7446C1-A421-4491-B34E-486E7D1831B5}.Debug|x64.Build.0 = Debug|Any CPU
		{6B7446C1-A421-4491-B34E-486E7D1831B5}.Debug|x86.ActiveCfg = Debug|Any CPU
		{6B7446C1-A421-4491-B34E-486E7D1831B5}.Debug|x86.Build.0 = Debug|Any CPU
		{6B7446C1-A421-4491-B34E-486E7D1831B5}.Release|Any CPU.ActiveCfg = Release|Any CPU
		{6B7446C1-A421-4491-B34E-486E7D1831B5}.Release|Any CPU.Build.0 = Release|Any CPU
		{6B7446C1-A421-4491-B34E-486E7D1831B5}.Release|x64.ActiveCfg = Release|Any CPU
		{6B7446C1-A421-4491-B34E-486E7D1831B5}.Release|x64.Build.0 = Release|Any CPU
		{6B7446C1-A421-4491-B34E-486E7D1831B5}.Release|x86.ActiveCfg = Release|Any CPU
		{6B7446C1-A421-4491-B34E-486E7D1831B5}.Release|x86.Build.0 = Release|Any CPU
		{D03217FA-87C4-408B-85F1-48A3091BF124}.Debug|Any CPU.ActiveCfg = Debug|Any CPU
		{D03217FA-87C4-408B-85F1-48A3091BF124}.Debug|Any CPU.Build.0 = Debug|Any CPU
		{D03217FA-87C4-408B-85F1-48A3091BF124}.Debug|x64.ActiveCfg = Debug|Any CPU
		{D03217FA-87C4-408B-85F1-48A3091BF124}.Debug|x64.Build.0 = Debug|Any CPU
		{D03217FA-87C4-408B-85F1-48A3091BF124}.Debug|x86.ActiveCfg = Debug|Any CPU
		{D03217FA-87C4-408B-85F1-48A3091BF124}.Debug|x86.Build.0 = Debug|Any CPU
		{D03217FA-87C4-408B-85F1-48A3091BF124}.Release|Any CPU.ActiveCfg = Release|Any CPU
		{D03217FA-87C4-408B-85F1-48A3091BF124}.Release|Any CPU.Build.0 = Release|Any CPU
		{D03217FA-87C4-408B-85F1-48A3091BF124}.Release|x64.ActiveCfg = Release|Any CPU
		{D03217FA-87C4-408B-85F1-48A3091BF124}.Release|x64.Build.0 = Release|Any CPU
		{D03217FA-87C4-408B-85F1-48A3091BF124}.Release|x86.ActiveCfg = Release|Any CPU
		{D03217FA-87C4-408B-85F1-48A3091BF124}.Release|x86.Build.0 = Release|Any CPU
		{AE106AEF-6AB8-4032-B3A4-21D5926FEB9A}.Debug|Any CPU.ActiveCfg = Debug|Any CPU
		{AE106AEF-6AB8-4032-B3A4-21D5926FEB9A}.Debug|Any CPU.Build.0 = Debug|Any CPU
		{AE106AEF-6AB8-4032-B3A4-21D5926FEB9A}.Debug|x64.ActiveCfg = Debug|Any CPU
		{AE106AEF-6AB8-4032-B3A4-21D5926FEB9A}.Debug|x64.Build.0 = Debug|Any CPU
		{AE106AEF-6AB8-4032-B3A4-21D5926FEB9A}.Debug|x86.ActiveCfg = Debug|Any CPU
		{AE106AEF-6AB8-4032-B3A4-21D5926FEB9A}.Debug|x86.Build.0 = Debug|Any CPU
		{AE106AEF-6AB8-4032-B3A4-21D5926FEB9A}.Release|Any CPU.ActiveCfg = Release|Any CPU
		{AE106AEF-6AB8-4032-B3A4-21D5926FEB9A}.Release|Any CPU.Build.0 = Release|Any CPU
		{AE106AEF-6AB8-4032-B3A4-21D5926FEB9A}.Release|x64.ActiveCfg = Release|Any CPU
		{AE106AEF-6AB8-4032-B3A4-21D5926FEB9A}.Release|x64.Build.0 = Release|Any CPU
		{AE106AEF-6AB8-4032-B3A4-21D5926FEB9A}.Release|x86.ActiveCfg = Release|Any CPU
		{AE106AEF-6AB8-4032-B3A4-21D5926FEB9A}.Release|x86.Build.0 = Release|Any CPU
		{6A48F3F8-2F8E-4B1C-8860-965C998D5FE0}.Debug|Any CPU.ActiveCfg = Debug|Any CPU
		{6A48F3F8-2F8E-4B1C-8860-965C998D5FE0}.Debug|Any CPU.Build.0 = Debug|Any CPU
		{6A48F3F8-2F8E-4B1C-8860-965C998D5FE0}.Debug|x64.ActiveCfg = Debug|Any CPU
		{6A48F3F8-2F8E-4B1C-8860-965C998D5FE0}.Debug|x64.Build.0 = Debug|Any CPU
		{6A48F3F8-2F8E-4B1C-8860-965C998D5FE0}.Debug|x86.ActiveCfg = Debug|Any CPU
		{6A48F3F8-2F8E-4B1C-8860-965C998D5FE0}.Debug|x86.Build.0 = Debug|Any CPU
		{6A48F3F8-2F8E-4B1C-8860-965C998D5FE0}.Release|Any CPU.ActiveCfg = Release|Any CPU
		{6A48F3F8-2F8E-4B1C-8860-965C998D5FE0}.Release|Any CPU.Build.0 = Release|Any CPU
		{6A48F3F8-2F8E-4B1C-8860-965C998D5FE0}.Release|x64.ActiveCfg = Release|Any CPU
		{6A48F3F8-2F8E-4B1C-8860-965C998D5FE0}.Release|x64.Build.0 = Release|Any CPU
		{6A48F3F8-2F8E-4B1C-8860-965C998D5FE0}.Release|x86.ActiveCfg = Release|Any CPU
		{6A48F3F8-2F8E-4B1C-8860-965C998D5FE0}.Release|x86.Build.0 = Release|Any CPU
	EndGlobalSection
	GlobalSection(SolutionProperties) = preSolution
		HideSolutionNode = FALSE
	EndGlobalSection
	GlobalSection(NestedProjects) = preSolution
		{9EBD23AA-1AFE-451E-9F18-842662733DF0} = {827E0CD3-B72D-47B6-A68D-7590B98EB39B}
		{65E53461-E984-4F4C-B01E-42DBF053DF96} = {827E0CD3-B72D-47B6-A68D-7590B98EB39B}
		{AEEFA547-1190-4475-A422-2CE9491FAA83} = {827E0CD3-B72D-47B6-A68D-7590B98EB39B}
		{6B7446C1-A421-4491-B34E-486E7D1831B5} = {827E0CD3-B72D-47B6-A68D-7590B98EB39B}
		{D03217FA-87C4-408B-85F1-48A3091BF124} = {827E0CD3-B72D-47B6-A68D-7590B98EB39B}
		{AE106AEF-6AB8-4032-B3A4-21D5926FEB9A} = {827E0CD3-B72D-47B6-A68D-7590B98EB39B}
		{6A48F3F8-2F8E-4B1C-8860-965C998D5FE0} = {0AB3BF05-4346-4AA6-1389-037BE0695223}
	EndGlobalSection
EndGlobal
